attrs==26.1.0
cffi==2.1.1
cryptography==50.0.1
iniconfig==2.3.0
jsonschema==4.26.0
jsonschema-specifications==2025.9.1
packaging==26.3
pluggy==1.6.0
psutil==7.2.2
pycparser==3.0
Pygments==2.21.0
PyMySQL==1.2.0
pytest==9.1.1
referencing==0.37.0
rpds-py==2026.6.3
ruff==0.16.7
typing_extensions==4.16.0
yt-dlp==2026.8.19
yt-dlp-ejs==0.8.0
Pillow==12.1.1
fonttools==4.61.1
